
Microsoft Visual Studio Solution File, Format Version 12.00
# Visual Studio Version 17
VisualStudioVersion = 17.12.35527.113 d17.12
MinimumVisualStudioVersion = 10.0.40219.1
Project("{FAE04EC0-301F-11D3-BF4B-00C04F79EFBC}") = "Ateria generaattori", "Ateria generaattori\Ateria generaattori.csproj", "{EBBE6E4B-C88D-4342-B53C-21C505AB6B0D}"
EndProject
Global
	GlobalSection(SolutionConfigurationPlatforms) = preSolution
		Debug|Any CPU = Debug|Any CPU
		Release|Any CPU = Release|Any CPU
	EndGlobalSection
	GlobalSection(ProjectConfigurationPlatforms) = postSolution
		{EBBE6E4B-C88D-4342-B53C-21C505AB6B0D}.Debug|Any CPU.ActiveCfg = Debug|Any CPU
		{EBBE6E4B-C88D-4342-B53C-21C505AB6B0D}.Debug|Any CPU.Build.0 = Debug|Any CPU
		{EBBE6E4B-C88D-4342-B53C-21C505AB6B0D}.Release|Any CPU.ActiveCfg = Release|Any CPU
		{EBBE6E4B-C88D-4342-B53C-21C505AB6B0D}.Release|Any CPU.Build.0 = Release|Any CPU
	EndGlobalSection
	GlobalSection(SolutionProperties) = preSolution
		HideSolutionNode = FALSE
	EndGlobalSection
EndGlobal
